
Microsoft Visual Studio Solution File, Format Version 12.00
# Visual Studio 15
VisualStudioVersion = 15.0.28307.645
MinimumVisualStudioVersion = 10.0.40219.1
Project("{FAE04EC0-301F-11D3-BF4B-00C04F79EFBC}") = "SimpleBlog", "SimpleBlog\SimpleBlog.csproj", "{3541B404-2B50-4D0B-9CF3-DAE84D342611}"
EndProject
Project("{FAE04EC0-301F-11D3-BF4B-00C04F79EFBC}") = "TestConsole", "TestConsole\TestConsole.csproj", "{5DE2C379-28CA-473F-B15D-F1A0D7B0D9F8}"
EndProject
Global
	GlobalSection(SolutionConfigurationPlatforms) = preSolution
		Debug|Any CPU = Debug|Any CPU
		Release|Any CPU = Release|Any CPU
	EndGlobalSection
	GlobalSection(ProjectConfigurationPlatforms) = postSolution
		{3541B404-2B50-4D0B-9CF3-DAE84D342611}.Debug|Any CPU.ActiveCfg = Debug|Any CPU
		{3541B404-2B50-4D0B-9CF3-DAE84D342611}.Debug|Any CPU.Build.0 = Debug|Any CPU
		{3541B404-2B50-4D0B-9CF3-DAE84D342611}.Release|Any CPU.ActiveCfg = Release|Any CPU
		{3541B404-2B50-4D0B-9CF3-DAE84D342611}.Release|Any CPU.Build.0 = Release|Any CPU
		{5DE2C379-28CA-473F-B15D-F1A0D7B0D9F8}.Debug|Any CPU.ActiveCfg = Debug|Any CPU
		{5DE2C379-28CA-473F-B15D-F1A0D7B0D9F8}.Debug|Any CPU.Build.0 = Debug|Any CPU
		{5DE2C379-28CA-473F-B15D-F1A0D7B0D9F8}.Release|Any CPU.ActiveCfg = Release|Any CPU
		{5DE2C379-28CA-473F-B15D-F1A0D7B0D9F8}.Release|Any CPU.Build.0 = Release|Any CPU
	EndGlobalSection
	GlobalSection(SolutionProperties) = preSolution
		HideSolutionNode = FALSE
	EndGlobalSection
	GlobalSection(ExtensibilityGlobals) = postSolution
		SolutionGuid = {A0B5F7A7-7961-4B54-9AFF-8C518E46A638}
	EndGlobalSection
EndGlobal
